// !$*UTF8*$!
{
	archiveVersion = 1;
	classes = {
	};
	objectVersion = 46;
	objects = {

/* Begin PBXBuildFile section */
		795D133E1D152F020016695C /* AppDelegate.swift in Sources */ = {isa = PBXBuildFile; fileRef = 795D133D1D152F020016695C /* AppDelegate.swift */; };
		795D13431D152F020016695C /* Main.storyboard in Resources */ = {isa = PBXBuildFile; fileRef = 795D13411D152F020016695C /* Main.storyboard */; };
		795D13451D152F020016695C /* Assets.xcassets in Resources */ = {isa = PBXBuildFile; fileRef = 795D13441D152F020016695C /* Assets.xcassets */; };
		795D13541D1532630016695C /* Home.storyboard in Resources */ = {isa = PBXBuildFile; fileRef = 795D13531D1532630016695C /* Home.storyboard */; };
		795D13561D1532A50016695C /* FlashMarket.storyboard in Resources */ = {isa = PBXBuildFile; fileRef = 795D13551D1532A50016695C /* FlashMarket.storyboard */; };
		795D13581D1533220016695C /* ShoppingCard.storyboard in Resources */ = {isa = PBXBuildFile; fileRef = 795D13571D1533220016695C /* ShoppingCard.storyboard */; };
		795D135A1D15333F0016695C /* Mine.storyboard in Resources */ = {isa = PBXBuildFile; fileRef = 795D13591D15333F0016695C /* Mine.storyboard */; };
		795D135C1D1533800016695C /* XPMainTabController.swift in Sources */ = {isa = PBXBuildFile; fileRef = 795D135B1D1533800016695C /* XPMainTabController.swift */; };
		795D135E1D153B2E0016695C /* XPHomeViewController.swift in Sources */ = {isa = PBXBuildFile; fileRef = 795D135D1D153B2E0016695C /* XPHomeViewController.swift */; };
		795D13601D153B430016695C /* XPFlashMarketController.swift in Sources */ = {isa = PBXBuildFile; fileRef = 795D135F1D153B430016695C /* XPFlashMarketController.swift */; };
		795D13621D153B560016695C /* XPShopCartViewController.swift in Sources */ = {isa = PBXBuildFile; fileRef = 795D13611D153B560016695C /* XPShopCartViewController.swift */; };
		795D13641D153B680016695C /* XPMineViewController.swift in Sources */ = {isa = PBXBuildFile; fileRef = 795D13631D153B680016695C /* XPMineViewController.swift */; };
		795D13661D1541D70016695C /* XPBaseNavViewController.swift in Sources */ = {isa = PBXBuildFile; fileRef = 795D13651D1541D70016695C /* XPBaseNavViewController.swift */; };
		795D136B1D155F4A0016695C /* XPAnimationManager.swift in Sources */ = {isa = PBXBuildFile; fileRef = 795D136A1D155F4A0016695C /* XPAnimationManager.swift */; };
/* End PBXBuildFile section */

/* Begin PBXFileReference section */
		795D133A1D152F020016695C /* LoveFreshBee.app */ = {isa = PBXFileReference; explicitFileType = wrapper.application; includeInIndex = 0; path = LoveFreshBee.app; sourceTree = BUILT_PRODUCTS_DIR; };
		795D133D1D152F020016695C /* AppDelegate.swift */ = {isa = PBXFileReference; lastKnownFileType = sourcecode.swift; path = AppDelegate.swift; sourceTree = "<group>"; };
		795D13421D152F020016695C /* Base */ = {isa = PBXFileReference; lastKnownFileType = file.storyboard; name = Base; path = Base.lproj/Main.storyboard; sourceTree = "<group>"; };
		795D13441D152F020016695C /* Assets.xcassets */ = {isa = PBXFileReference; lastKnownFileType = folder.assetcatalog; path = Assets.xcassets; sourceTree = "<group>"; };
		795D13491D152F020016695C /* Info.plist */ = {isa = PBXFileReference; lastKnownFileType = text.plist.xml; path = Info.plist; sourceTree = "<group>"; };
		795D13531D1532630016695C /* Home.storyboard */ = {isa = PBXFileReference; fileEncoding = 4; lastKnownFileType = file.storyboard; path = Home.storyboard; sourceTree = "<group>"; };
		795D13551D1532A50016695C /* FlashMarket.storyboard */ = {isa = PBXFileReference; fileEncoding = 4; lastKnownFileType = file.storyboard; path = FlashMarket.storyboard; sourceTree = "<group>"; };
		795D13571D1533220016695C /* ShoppingCard.storyboard */ = {isa = PBXFileReference; fileEncoding = 4; lastKnownFileType = file.storyboard; path = ShoppingCard.storyboard; sourceTree = "<group>"; };
		795D13591D15333F0016695C /* Mine.storyboard */ = {isa = PBXFileReference; fileEncoding = 4; lastKnownFileType = file.storyboard; path = Mine.storyboard; sourceTree = "<group>"; };
		795D135B1D1533800016695C /* XPMainTabController.swift */ = {isa = PBXFileReference; fileEncoding = 4; lastKnownFileType = sourcecode.swift; path = XPMainTabController.swift; sourceTree = "<group>"; };
		795D135D1D153B2E0016695C /* XPHomeViewController.swift */ = {isa = PBXFileReference; fileEncoding = 4; lastKnownFileType = sourcecode.swift; path = XPHomeViewController.swift; sourceTree = "<group>"; };
		795D135F1D153B430016695C /* XPFlashMarketController.swift */ = {isa = PBXFileReference; fileEncoding = 4; lastKnownFileType = sourcecode.swift; path = XPFlashMarketController.swift; sourceTree = "<group>"; };
		795D13611D153B560016695C /* XPShopCartViewController.swift */ = {isa = PBXFileReference; fileEncoding = 4; lastKnownFileType = sourcecode.swift; path = XPShopCartViewController.swift; sourceTree = "<group>"; };
		795D13631D153B680016695C /* XPMineViewController.swift */ = {isa = PBXFileReference; fileEncoding = 4; lastKnownFileType = sourcecode.swift; path = XPMineViewController.swift; sourceTree = "<group>"; };
		795D13651D1541D70016695C /* XPBaseNavViewController.swift */ = {isa = PBXFileReference; fileEncoding = 4; lastKnownFileType = sourcecode.swift; path = XPBaseNavViewController.swift; sourceTree = "<group>"; };
		795D136A1D155F4A0016695C /* XPAnimationManager.swift */ = {isa = PBXFileReference; fileEncoding = 4; lastKnownFileType = sourcecode.swift; path = XPAnimationManager.swift; sourceTree = "<group>"; };
/* End PBXFileReference section */

/* Begin PBXFrameworksBuildPhase section */
		795D13371D152F020016695C /* Frameworks */ = {
			isa = PBXFrameworksBuildPhase;
			buildActionMask = 2147483647;
			files = (
			);
			runOnlyForDeploymentPostprocessing = 0;
		};
/* End PBXFrameworksBuildPhase section */

/* Begin PBXGroup section */
		795D13311D152F020016695C = {
			isa = PBXGroup;
			children = (
				795D133C1D152F020016695C /* LoveFreshBee */,
				795D133B1D152F020016695C /* Products */,
			);
			sourceTree = "<group>";
		};
		795D133B1D152F020016695C /* Products */ = {
			isa = PBXGroup;
			children = (
				795D133A1D152F020016695C /* LoveFreshBee.app */,
			);
			name = Products;
			sourceTree = "<group>";
		};
		795D133C1D152F020016695C /* LoveFreshBee */ = {
			isa = PBXGroup;
			children = (
				795D134F1D152FC80016695C /* Classes */,
				795D133D1D152F020016695C /* AppDelegate.swift */,
				795D13441D152F020016695C /* Assets.xcassets */,
				795D13491D152F020016695C /* Info.plist */,
			);
			path = LoveFreshBee;
			sourceTree = "<group>";
		};
		795D134F1D152FC80016695C /* Classes */ = {
			isa = PBXGroup;
			children = (
				795D13691D155F2F0016695C /* Tools */,
				795D13521D1530040016695C /* Controller */,
				795D13511D152FFE0016695C /* View */,
				795D13501D152FE30016695C /* Model */,
			);
			name = Classes;
			sourceTree = "<group>";
		};
		795D13501D152FE30016695C /* Model */ = {
			isa = PBXGroup;
			children = (
			);
			name = Model;
			sourceTree = "<group>";
		};
		795D13511D152FFE0016695C /* View */ = {
			isa = PBXGroup;
			children = (
				795D13411D152F020016695C /* Main.storyboard */,
				795D13531D1532630016695C /* Home.storyboard */,
				795D13551D1532A50016695C /* FlashMarket.storyboard */,
				795D13571D1533220016695C /* ShoppingCard.storyboard */,
				795D13591D15333F0016695C /* Mine.storyboard */,
			);
			name = View;
			sourceTree = "<group>";
		};
		795D13521D1530040016695C /* Controller */ = {
			isa = PBXGroup;
			children = (
				795D13681D154B740016695C /* Commen */,
				795D13671D154B630016695C /* Home */,
				795D135F1D153B430016695C /* XPFlashMarketController.swift */,
				795D13611D153B560016695C /* XPShopCartViewController.swift */,
				795D13631D153B680016695C /* XPMineViewController.swift */,
			);
			name = Controller;
			sourceTree = "<group>";
		};
		795D13671D154B630016695C /* Home */ = {
			isa = PBXGroup;
			children = (
				795D135D1D153B2E0016695C /* XPHomeViewController.swift */,
			);
			name = Home;
			sourceTree = "<group>";
		};
		795D13681D154B740016695C /* Commen */ = {
			isa = PBXGroup;
			children = (
				795D135B1D1533800016695C /* XPMainTabController.swift */,
				795D13651D1541D70016695C /* XPBaseNavViewController.swift */,
			);
			name = Commen;
			sourceTree = "<group>";
		};
		795D13691D155F2F0016695C /* Tools */ = {
			isa = PBXGroup;
			children = (
				795D136C1D1566600016695C /* Network */,
				795D136A1D155F4A0016695C /* XPAnimationManager.swift */,
			);
			name = Tools;
			sourceTree = "<group>";
		};
		795D136C1D1566600016695C /* Network */ = {
			isa = PBXGroup;
			children = (
			);
			name = Network;
			sourceTree = "<group>";
		};
/* End PBXGroup section */

/* Begin PBXNativeTarget section */
		795D13391D152F020016695C /* LoveFreshBee */ = {
			isa = PBXNativeTarget;
			buildConfigurationList = 795D134C1D152F020016695C /* Build configuration list for PBXNativeTarget "LoveFreshBee" */;
			buildPhases = (
				795D13361D152F020016695C /* Sources */,
				795D13371D152F020016695C /* Frameworks */,
				795D13381D152F020016695C /* Resources */,
			);
			buildRules = (
			);
			dependencies = (
			);
			name = LoveFreshBee;
			productName = LoveFreshBee;
			productReference = 795D133A1D152F020016695C /* LoveFreshBee.app */;
			productType = "com.apple.product-type.application";
		};
/* End PBXNativeTarget section */

/* Begin PBXProject section */
		795D13321D152F020016695C /* Project object */ = {
			isa = PBXProject;
			attributes = {
				LastSwiftUpdateCheck = 0730;
				LastUpgradeCheck = 0730;
				ORGANIZATIONNAME = cn.xupan.www;
				TargetAttributes = {
					795D13391D152F020016695C = {
						CreatedOnToolsVersion = 7.3.1;
						DevelopmentTeam = XKN7UAR3T4;
					};
				};
			};
			buildConfigurationList = 795D13351D152F020016695C /* Build configuration list for PBXProject "LoveFreshBee" */;
			compatibilityVersion = "Xcode 3.2";
			developmentRegion = English;
			hasScannedForEncodings = 0;
			knownRegions = (
				en,
				Base,
			);
			mainGroup = 795D13311D152F020016695C;
			productRefGroup = 795D133B1D152F020016695C /* Products */;
			projectDirPath = "";
			projectRoot = "";
			targets = (
				795D13391D152F020016695C /* LoveFreshBee */,
			);
		};
/* End PBXProject section */

/* Begin PBXResourcesBuildPhase section */
		795D13381D152F020016695C /* Resources */ = {
			isa = PBXResourcesBuildPhase;
			buildActionMask = 2147483647;
			files = (
				795D13541D1532630016695C /* Home.storyboard in Resources */,
				795D13451D152F020016695C /* Assets.xcassets in Resources */,
				795D13431D152F020016695C /* Main.storyboard in Resources */,
				795D135A1D15333F0016695C /* Mine.storyboard in Resources */,
				795D13561D1532A50016695C /* FlashMarket.storyboard in Resources */,
				795D13581D1533220016695C /* ShoppingCard.storyboard in Resources */,
			);
			runOnlyForDeploymentPostprocessing = 0;
		};
/* End PBXResourcesBuildPhase section */

/* Begin PBXSourcesBuildPhase section */
		795D13361D152F020016695C /* Sources */ = {
			isa = PBXSourcesBuildPhase;
			buildActionMask = 2147483647;
			files = (
				795D13621D153B560016695C /* XPShopCartViewController.swift in Sources */,
				795D135C1D1533800016695C /* XPMainTabController.swift in Sources */,
				795D135E1D153B2E0016695C /* XPHomeViewController.swift in Sources */,
				795D13601D153B430016695C /* XPFlashMarketController.swift in Sources */,
				795D13661D1541D70016695C /* XPBaseNavViewController.swift in Sources */,
				795D133E1D152F020016695C /* AppDelegate.swift in Sources */,
				795D136B1D155F4A0016695C /* XPAnimationManager.swift in Sources */,
				795D13641D153B680016695C /* XPMineViewController.swift in Sources */,
			);
			runOnlyForDeploymentPostprocessing = 0;
		};
/* End PBXSourcesBuildPhase section */

/* Begin PBXVariantGroup section */
		795D13411D152F020016695C /* Main.storyboard */ = {
			isa = PBXVariantGroup;
			children = (
				795D13421D152F020016695C /* Base */,
			);
			name = Main.storyboard;
			sourceTree = "<group>";
		};
/* End PBXVariantGroup section */

/* Begin XCBuildConfiguration section */
		795D134A1D152F020016695C /* Debug */ = {
			isa = XCBuildConfiguration;
			buildSettings = {
				ALWAYS_SEARCH_USER_PATHS = NO;
				CLANG_ANALYZER_NONNULL = YES;
				CLANG_CXX_LANGUAGE_STANDARD = "gnu++0x";
				CLANG_CXX_LIBRARY = "libc++";
				CLANG_ENABLE_MODULES = YES;
				CLANG_ENABLE_OBJC_ARC = YES;
				CLANG_WARN_BOOL_CONVERSION = YES;
				CLANG_WARN_CONSTANT_CONVERSION = YES;
				CLANG_WARN_DIRECT_OBJC_ISA_USAGE = YES_ERROR;
				CLANG_WARN_EMPTY_BODY = YES;
				CLANG_WARN_ENUM_CONVERSION = YES;
				CLANG_WARN_INT_CONVERSION = YES;
				CLANG_WARN_OBJC_ROOT_CLASS = YES_ERROR;
				CLANG_WARN_UNREACHABLE_CODE = YES;
				CLANG_WARN__DUPLICATE_METHOD_MATCH = YES;
				"CODE_SIGN_IDENTITY[sdk=iphoneos*]" = "iPhone Developer";
				COPY_PHASE_STRIP = NO;
				DEBUG_INFORMATION_FORMAT = dwarf;
				ENABLE_STRICT_OBJC_MSGSEND = YES;
				ENABLE_TESTABILITY = YES;
				GCC_C_LANGUAGE_STANDARD = gnu99;
				GCC_DYNAMIC_NO_PIC = NO;
				GCC_NO_COMMON_BLOCKS = YES;
				GCC_OPTIMIZATION_LEVEL = 0;
				GCC_PREPROCESSOR_DEFINITIONS = (
					"DEBUG=1",
					"$(inherited)",
				);
				GCC_WARN_64_TO_32_BIT_CONVERSION = YES;
				GCC_WARN_ABOUT_RETURN_TYPE = YES_ERROR;
				GCC_WARN_UNDECLARED_SELECTOR = YES;
				GCC_WARN_UNINITIALIZED_AUTOS = YES_AGGRESSIVE;
				GCC_WARN_UNUSED_FUNCTION = YES;
				GCC_WARN_UNUSED_VARIABLE = YES;
				IPHONEOS_DEPLOYMENT_TARGET = 9.3;
				MTL_ENABLE_DEBUG_INFO = YES;
				ONLY_ACTIVE_ARCH = YES;
				SDKROOT = iphoneos;
				SWIFT_OPTIMIZATION_LEVEL = "-Onone";
			};
			name = Debug;
		};
		795D134B1D152F020016695C /* Release */ = {
			isa = XCBuildConfiguration;
			buildSettings = {
				ALWAYS_SEARCH_USER_PATHS = NO;
				CLANG_ANALYZER_NONNULL = YES;
				CLANG_CXX_LANGUAGE_STANDARD = "gnu++0x";
				CLANG_CXX_LIBRARY = "libc++";
				CLANG_ENABLE_MODULES = YES;
				CLANG_ENABLE_OBJC_ARC = YES;
				CLANG_WARN_BOOL_CONVERSION = YES;
				CLANG_WARN_CONSTANT_CONVERSION = YES;
				CLANG_WARN_DIRECT_OBJC_ISA_USAGE = YES_ERROR;
				CLANG_WARN_EMPTY_BODY = YES;
				CLANG_WARN_ENUM_CONVERSION = YES;
				CLANG_WARN_INT_CONVERSION = YES;
				CLANG_WARN_OBJC_ROOT_CLASS = YES_ERROR;
				CLANG_WARN_UNREACHABLE_CODE = YES;
				CLANG_WARN__DUPLICATE_METHOD_MATCH = YES;
				"CODE_SIGN_IDENTITY[sdk=iphoneos*]" = "iPhone Developer";
				COPY_PHASE_STRIP = NO;
				DEBUG_INFORMATION_FORMAT = "dwarf-with-dsym";
				ENABLE_NS_ASSERTIONS = NO;
				ENABLE_STRICT_OBJC_MSGSEND = YES;
				GCC_C_LANGUAGE_STANDARD = gnu99;
				GCC_NO_COMMON_BLOCKS = YES;
				GCC_WARN_64_TO_32_BIT_CONVERSION = YES;
				GCC_WARN_ABOUT_RETURN_TYPE = YES_ERROR;
				GCC_WARN_UNDECLARED_SELECTOR = YES;
				GCC_WARN_UNINITIALIZED_AUTOS = YES_AGGRESSIVE;
				GCC_WARN_UNUSED_FUNCTION = YES;
				GCC_WARN_UNUSED_VARIABLE = YES;
				IPHONEOS_DEPLOYMENT_TARGET = 9.3;
				MTL_ENABLE_DEBUG_INFO = NO;
				SDKROOT = iphoneos;
				VALIDATE_PRODUCT = YES;
			};
			name = Release;
		};
		795D134D1D152F020016695C /* Debug */ = {
			isa = XCBuildConfiguration;
			buildSettings = {
				ASSETCATALOG_COMPILER_APPICON_NAME = AppIcon;
				ASSETCATALOG_COMPILER_LAUNCHIMAGE_NAME = "Brand Assets";
				CODE_SIGN_IDENTITY = "iPhone Developer";
				INFOPLIST_FILE = LoveFreshBee/Info.plist;
				IPHONEOS_DEPLOYMENT_TARGET = 8.0;
				LD_RUNPATH_SEARCH_PATHS = "$(inherited) @executable_path/Frameworks";
				PRODUCT_BUNDLE_IDENTIFIER = cn.xupan.www.LoveFreshBee;
				PRODUCT_NAME = "$(TARGET_NAME)";
			};
			name = Debug;
		};
		795D134E1D152F020016695C /* Release */ = {
			isa = XCBuildConfiguration;
			buildSettings = {
				ASSETCATALOG_COMPILER_APPICON_NAME = AppIcon;
				ASSETCATALOG_COMPILER_LAUNCHIMAGE_NAME = "Brand Assets";
				CODE_SIGN_IDENTITY = "iPhone Developer";
				INFOPLIST_FILE = LoveFreshBee/Info.plist;
				IPHONEOS_DEPLOYMENT_TARGET = 8.0;
				LD_RUNPATH_SEARCH_PATHS = "$(inherited) @executable_path/Frameworks";
				PRODUCT_BUNDLE_IDENTIFIER = cn.xupan.www.LoveFreshBee;
				PRODUCT_NAME = "$(TARGET_NAME)";
			};
			name = Release;
		};
/* End XCBuildConfiguration section */

/* Begin XCConfigurationList section */
		795D13351D152F020016695C /* Build configuration list for PBXProject "LoveFreshBee" */ = {
			isa = XCConfigurationList;
			buildConfigurations = (
				795D134A1D152F020016695C /* Debug */,
				795D134B1D152F020016695C /* Release */,
			);
			defaultConfigurationIsVisible = 0;
			defaultConfigurationName = Release;
		};
		795D134C1D152F020016695C /* Build configuration list for PBXNativeTarget "LoveFreshBee" */ = {
			isa = XCConfigurationList;
			buildConfigurations = (
				795D134D1D152F020016695C /* Debug */,
				795D134E1D152F020016695C /* Release */,
			);
			defaultConfigurationIsVisible = 0;
			defaultConfigurationName = Release;
		};
/* End XCConfigurationList section */
	};
	rootObject = 795D13321D152F020016695C /* Project object */;
}
